
Microsoft Visual Studio Solution File, Format Version 12.00
# Visual Studio Version 17
VisualStudioVersion = 17.3.32804.467
MinimumVisualStudioVersion = 10.0.40219.1
Project("{9A19103F-16F7-4668-BE54-9A1E7A4F7556}") = "CreateDB", "CreateDB\CreateDB.csproj", "{D9BF39F3-D107-4F24-91E5-4FC2E79E0885}"
	ProjectSection(ProjectDependencies) = postProject
		{2BB66307-859E-4EBF-A073-081A4D6AB490} = {2BB66307-859E-4EBF-A073-081A4D6AB490}
	EndProjectSection
EndProject
Project("{9A19103F-16F7-4668-BE54-9A1E7A4F7556}") = "DBCore", "DBManager\DBCore.csproj", "{2BB66307-859E-4EBF-A073-081A4D6AB490}"
EndProject
Global
	GlobalSection(SolutionConfigurationPlatforms) = preSolution
		Debug|Any CPU = Debug|Any CPU
		Release|Any CPU = Release|Any CPU
	EndGlobalSection
	GlobalSection(ProjectConfigurationPlatforms) = postSolution
		{D9BF39F3-D107-4F24-91E5-4FC2E79E0885}.Debug|Any CPU.ActiveCfg = Debug|Any CPU
		{D9BF39F3-D107-4F24-91E5-4FC2E79E0885}.Debug|Any CPU.Build.0 = Debug|Any CPU
		{D9BF39F3-D107-4F24-91E5-4FC2E79E0885}.Release|Any CPU.ActiveCfg = Release|Any CPU
		{D9BF39F3-D107-4F24-91E5-4FC2E79E0885}.Release|Any CPU.Build.0 = Release|Any CPU
		{2BB66307-859E-4EBF-A073-081A4D6AB490}.Debug|Any CPU.ActiveCfg = Debug|Any CPU
		{2BB66307-859E-4EBF-A073-081A4D6AB490}.Debug|Any CPU.Build.0 = Debug|Any CPU
		{2BB66307-859E-4EBF-A073-081A4D6AB490}.Release|Any CPU.ActiveCfg = Release|Any CPU
		{2BB66307-859E-4EBF-A073-081A4D6AB490}.Release|Any CPU.Build.0 = Release|Any CPU
	EndGlobalSection
	GlobalSection(SolutionProperties) = preSolution
		HideSolutionNode = FALSE
	EndGlobalSection
	GlobalSection(ExtensibilityGlobals) = postSolution
		SolutionGuid = {14065B65-6C56-4BB8-AC13-5D630ED66EE3}
	EndGlobalSection
EndGlobal
